PODS:
  - Alamofire (5.4.1)
  - RESTAdapter (0.2.0):
    - Alamofire (~> 5.0)
    - SwiftyJSON (~> 4.0)
  - SwiftyJSON (4.3.0)

DEPENDENCIES:
  - RESTAdapter (from `../`)

SPEC REPOS:
  trunk:
    - Alamofire
    - SwiftyJSON

EXTERNAL SOURCES:
  RESTAdapter:
    :path: "../"

SPEC CHECKSUMS:
  Alamofire: 2291f7d21ca607c491dd17642e5d40fdcda0e65c
  RESTAdapter: 6dde04dd58f7d70b489346cce7383d8f1376e408
  SwiftyJSON: 6faa0040f8b59dead0ee07436cbf76b73c08fd08

PODFILE CHECKSUM: 057b9ea08f0e472ba385c091550961d295d36414

COCOAPODS: 1.11.3
